
Microsoft Visual Studio Solution File, Format Version 12.00
# Visual Studio Version 16
VisualStudioVersion = 16.0.31729.503
MinimumVisualStudioVersion = 10.0.40219.1
Project("{FAE04EC0-301F-11D3-BF4B-00C04F79EFBC}") = "KolekcijeOV", "KolekcijeOV.csproj", "{A1E1178C-DA36-4463-AF4D-5A03D9CB9276}"
EndProject
Global
	GlobalSection(SolutionConfigurationPlatforms) = preSolution
		Debug|Any CPU = Debug|Any CPU
		Release|Any CPU = Release|Any CPU
	EndGlobalSection
	GlobalSection(ProjectConfigurationPlatforms) = postSolution
		{A1E1178C-DA36-4463-AF4D-5A03D9CB9276}.Debug|Any CPU.ActiveCfg = Debug|Any CPU
		{A1E1178C-DA36-4463-AF4D-5A03D9CB9276}.Debug|Any CPU.Build.0 = Debug|Any CPU
		{A1E1178C-DA36-4463-AF4D-5A03D9CB9276}.Release|Any CPU.ActiveCfg = Release|Any CPU
		{A1E1178C-DA36-4463-AF4D-5A03D9CB9276}.Release|Any CPU.Build.0 = Release|Any CPU
	EndGlobalSection
	GlobalSection(SolutionProperties) = preSolution
		HideSolutionNode = FALSE
	EndGlobalSection
	GlobalSection(ExtensibilityGlobals) = postSolution
		SolutionGuid = {CC073944-3FCD-4A50-ADA2-20F8FC0C228A}
	EndGlobalSection
EndGlobal
